
Microsoft Visual Studio Solution File, Format Version 12.00
# Visual Studio 14
VisualStudioVersion = 14.0.25420.1
MinimumVisualStudioVersion = 10.0.40219.1
Project("{FAE04EC0-301F-11D3-BF4B-00C04F79EFBC}") = "InventoryWebApp", "InventoryWebApp\InventoryWebApp.csproj", "{BB6A7DCB-525D-4288-8754-4A908467A7ED}"
EndProject
Project("{FAE04EC0-301F-11D3-BF4B-00C04F79EFBC}") = "ConsoleTestApp", "ConsoleApplication1\ConsoleTestApp.csproj", "{2E5AAA63-5198-4E37-BDDC-25F5714D7C0E}"
EndProject
Global
	GlobalSection(SolutionConfigurationPlatforms) = preSolution
		Debug|Any CPU = Debug|Any CPU
		Release|Any CPU = Release|Any CPU
	EndGlobalSection
	GlobalSection(ProjectConfigurationPlatforms) = postSolution
		{BB6A7DCB-525D-4288-8754-4A908467A7ED}.Debug|Any CPU.ActiveCfg = Debug|Any CPU
		{BB6A7DCB-525D-4288-8754-4A908467A7ED}.Debug|Any CPU.Build.0 = Debug|Any CPU
		{BB6A7DCB-525D-4288-8754-4A908467A7ED}.Release|Any CPU.ActiveCfg = Release|Any CPU
		{BB6A7DCB-525D-4288-8754-4A908467A7ED}.Release|Any CPU.Build.0 = Release|Any CPU
		{2E5AAA63-5198-4E37-BDDC-25F5714D7C0E}.Debug|Any CPU.ActiveCfg = Debug|Any CPU
		{2E5AAA63-5198-4E37-BDDC-25F5714D7C0E}.Debug|Any CPU.Build.0 = Debug|Any CPU
		{2E5AAA63-5198-4E37-BDDC-25F5714D7C0E}.Release|Any CPU.ActiveCfg = Release|Any CPU
		{2E5AAA63-5198-4E37-BDDC-25F5714D7C0E}.Release|Any CPU.Build.0 = Release|Any CPU
	EndGlobalSection
	GlobalSection(SolutionProperties) = preSolution
		HideSolutionNode = FALSE
	EndGlobalSection
EndGlobal
